
Microsoft Visual Studio Solution File, Format Version 12.00
# Visual Studio Version 16
VisualStudioVersion = 16.0.29521.150
MinimumVisualStudioVersion = 10.0.40219.1
Project("{9A19103F-16F7-4668-BE54-9A1E7A4F7556}") = "WpfControlNetCore", "WpfControlNetCore\WpfControlNetCore.csproj", "{F316975A-5DCA-4B0D-BA48-BC0B731BDF36}"
EndProject
Project("{FAE04EC0-301F-11D3-BF4B-00C04F79EFBC}") = "WpfControlNetFramework", "WpfControlNetFramework\WpfControlNetFramework.csproj", "{4A5D57A0-0CFD-4F16-AE99-3713F4E027A6}"
EndProject
Project("{FAE04EC0-301F-11D3-BF4B-00C04F79EFBC}") = "WinFormsControlNetFramework", "WinFormsControlNetFramework\WinFormsControlNetFramework.csproj", "{BCE60E29-CFCB-4E2F-9D64-7D464EA1E9FB}"
EndProject
Project("{2150E333-8FDC-42A3-9474-1A3956D46DE8}") = "Notes", "Notes", "{CF92FFB1-8644-46C5-86AD-237E37BB8DFB}"
	ProjectSection(SolutionItems) = preProject
		Notes_BuildPackages.txt = Notes_BuildPackages.txt
		Notes_NetCoreDesignerExtensibility.txt = Notes_NetCoreDesignerExtensibility.txt
	EndProjectSection
EndProject
Project("{2150E333-8FDC-42A3-9474-1A3956D46DE8}") = "WPF_NetFramework", "WPF_NetFramework", "{0ADD4335-A29A-4D31-8EBF-8D4DDC8C609D}"
EndProject
Project("{2150E333-8FDC-42A3-9474-1A3956D46DE8}") = "WPF_NetCore", "WPF_NetCore", "{5E8DB042-00B9-4F8E-87DD-9BE88FCAD36B}"
EndProject
Project("{9A19103F-16F7-4668-BE54-9A1E7A4F7556}") = "WinFormsControlNetCore", "WinFormsControlNetCore\WinFormsControlNetCore.csproj", "{8E83A303-61BF-4080-A48F-13B7585AE8F9}"
EndProject
Project("{FAE04EC0-301F-11D3-BF4B-00C04F79EFBC}") = "WpfControlNetFramework.Design", "WpfControlNetFramework.Design\WpfControlNetFramework.Design.csproj", "{D8CE401F-DAF7-46C6-9ED6-6E1ED7746E15}"
EndProject
Project("{2150E333-8FDC-42A3-9474-1A3956D46DE8}") = "WinForms_NetCore", "WinForms_NetCore", "{6B9DFAAC-A951-40FE-B824-3882BBC91F5C}"
EndProject
Project("{2150E333-8FDC-42A3-9474-1A3956D46DE8}") = "WinForms_NetFramework", "WinForms_NetFramework", "{5A37964D-9E5F-4BE4-9B13-95CAB7385CD1}"
EndProject
Project("{FAE04EC0-301F-11D3-BF4B-00C04F79EFBC}") = "WpfControlNetCore.DesignTools", "WpfControlNetCore.DesignTools\WpfControlNetCore.DesignTools.csproj", "{1C9EEDAB-FDAA-4410-BB28-A2A79073504D}"
EndProject
Project("{FAE04EC0-301F-11D3-BF4B-00C04F79EFBC}") = "WinFormsControlNetFramework.Design", "WinFormsControlNetFramework.Design\WinFormsControlNetFramework.Design.csproj", "{F5F250AE-8C65-4C94-9834-4B720DFEB751}"
EndProject
Project("{2150E333-8FDC-42A3-9474-1A3956D46DE8}") = "Libs", "Libs", "{ECB5E584-A101-40EB-B55A-9FFACBF2AD01}"
	ProjectSection(SolutionItems) = preProject
		Libs\nuget.exe = Libs\nuget.exe
	EndProjectSection
EndProject
Project("{FAE04EC0-301F-11D3-BF4B-00C04F79EFBC}") = "WinFormsControlNetCore.Design", "WinFormsControlNetCore.Design\WinFormsControlNetCore.Design.csproj", "{91F81211-F68D-4ECB-BF5C-ED003642A702}"
EndProject
Project("{2150E333-8FDC-42A3-9474-1A3956D46DE8}") = "Pack", "Pack", "{4A4AF241-B17A-4991-956B-8CB962D4830C}"
	ProjectSection(SolutionItems) = preProject
		Pack\packAll.bat = Pack\packAll.bat
		Pack\packWinformNetCore.bat = Pack\packWinformNetCore.bat
		Pack\packWinformNetFramework.bat = Pack\packWinformNetFramework.bat
		Pack\packWpfNetCore.bat = Pack\packWpfNetCore.bat
		Pack\packWpfNetFramework.bat = Pack\packWpfNetFramework.bat
	EndProjectSection
EndProject
Global
	GlobalSection(SolutionConfigurationPlatforms) = preSolution
		Debug|Any CPU = Debug|Any CPU
		Release|Any CPU = Release|Any CPU
	EndGlobalSection
	GlobalSection(ProjectConfigurationPlatforms) = postSolution
		{F316975A-5DCA-4B0D-BA48-BC0B731BDF36}.Debug|Any CPU.ActiveCfg = Debug|Any CPU
		{F316975A-5DCA-4B0D-BA48-BC0B731BDF36}.Debug|Any CPU.Build.0 = Debug|Any CPU
		{F316975A-5DCA-4B0D-BA48-BC0B731BDF36}.Release|Any CPU.ActiveCfg = Release|Any CPU
		{F316975A-5DCA-4B0D-BA48-BC0B731BDF36}.Release|Any CPU.Build.0 = Release|Any CPU
		{4A5D57A0-0CFD-4F16-AE99-3713F4E027A6}.Debug|Any CPU.ActiveCfg = Debug|Any CPU
		{4A5D57A0-0CFD-4F16-AE99-3713F4E027A6}.Debug|Any CPU.Build.0 = Debug|Any CPU
		{4A5D57A0-0CFD-4F16-AE99-3713F4E027A6}.Release|Any CPU.ActiveCfg = Release|Any CPU
		{4A5D57A0-0CFD-4F16-AE99-3713F4E027A6}.Release|Any CPU.Build.0 = Release|Any CPU
		{BCE60E29-CFCB-4E2F-9D64-7D464EA1E9FB}.Debug|Any CPU.ActiveCfg = Debug|Any CPU
		{BCE60E29-CFCB-4E2F-9D64-7D464EA1E9FB}.Debug|Any CPU.Build.0 = Debug|Any CPU
		{BCE60E29-CFCB-4E2F-9D64-7D464EA1E9FB}.Release|Any CPU.ActiveCfg = Release|Any CPU
		{BCE60E29-CFCB-4E2F-9D64-7D464EA1E9FB}.Release|Any CPU.Build.0 = Release|Any CPU
		{8E83A303-61BF-4080-A48F-13B7585AE8F9}.Debug|Any CPU.ActiveCfg = Debug|Any CPU
		{8E83A303-61BF-4080-A48F-13B7585AE8F9}.Debug|Any CPU.Build.0 = Debug|Any CPU
		{8E83A303-61BF-4080-A48F-13B7585AE8F9}.Release|Any CPU.ActiveCfg = Release|Any CPU
		{8E83A303-61BF-4080-A48F-13B7585AE8F9}.Release|Any CPU.Build.0 = Release|Any CPU
		{D8CE401F-DAF7-46C6-9ED6-6E1ED7746E15}.Debug|Any CPU.ActiveCfg = Debug|Any CPU
		{D8CE401F-DAF7-46C6-9ED6-6E1ED7746E15}.Debug|Any CPU.Build.0 = Debug|Any CPU
		{D8CE401F-DAF7-46C6-9ED6-6E1ED7746E15}.Release|Any CPU.ActiveCfg = Release|Any CPU
		{D8CE401F-DAF7-46C6-9ED6-6E1ED7746E15}.Release|Any CPU.Build.0 = Release|Any CPU
		{1C9EEDAB-FDAA-4410-BB28-A2A79073504D}.Debug|Any CPU.ActiveCfg = Debug|Any CPU
		{1C9EEDAB-FDAA-4410-BB28-A2A79073504D}.Debug|Any CPU.Build.0 = Debug|Any CPU
		{1C9EEDAB-FDAA-4410-BB28-A2A79073504D}.Release|Any CPU.ActiveCfg = Release|Any CPU
		{1C9EEDAB-FDAA-4410-BB28-A2A79073504D}.Release|Any CPU.Build.0 = Release|Any CPU
		{F5F250AE-8C65-4C94-9834-4B720DFEB751}.Debug|Any CPU.ActiveCfg = Debug|Any CPU
		{F5F250AE-8C65-4C94-9834-4B720DFEB751}.Debug|Any CPU.Build.0 = Debug|Any CPU
		{F5F250AE-8C65-4C94-9834-4B720DFEB751}.Release|Any CPU.ActiveCfg = Release|Any CPU
		{F5F250AE-8C65-4C94-9834-4B720DFEB751}.Release|Any CPU.Build.0 = Release|Any CPU
		{91F81211-F68D-4ECB-BF5C-ED003642A702}.Debug|Any CPU.ActiveCfg = Debug|Any CPU
		{91F81211-F68D-4ECB-BF5C-ED003642A702}.Debug|Any CPU.Build.0 = Debug|Any CPU
		{91F81211-F68D-4ECB-BF5C-ED003642A702}.Release|Any CPU.ActiveCfg = Release|Any CPU
		{91F81211-F68D-4ECB-BF5C-ED003642A702}.Release|Any CPU.Build.0 = Release|Any CPU
	EndGlobalSection
	GlobalSection(SolutionProperties) = preSolution
		HideSolutionNode = FALSE
	EndGlobalSection
	GlobalSection(NestedProjects) = preSolution
		{F316975A-5DCA-4B0D-BA48-BC0B731BDF36} = {5E8DB042-00B9-4F8E-87DD-9BE88FCAD36B}
		{4A5D57A0-0CFD-4F16-AE99-3713F4E027A6} = {0ADD4335-A29A-4D31-8EBF-8D4DDC8C609D}
		{BCE60E29-CFCB-4E2F-9D64-7D464EA1E9FB} = {5A37964D-9E5F-4BE4-9B13-95CAB7385CD1}
		{8E83A303-61BF-4080-A48F-13B7585AE8F9} = {6B9DFAAC-A951-40FE-B824-3882BBC91F5C}
		{D8CE401F-DAF7-46C6-9ED6-6E1ED7746E15} = {0ADD4335-A29A-4D31-8EBF-8D4DDC8C609D}
		{1C9EEDAB-FDAA-4410-BB28-A2A79073504D} = {5E8DB042-00B9-4F8E-87DD-9BE88FCAD36B}
		{F5F250AE-8C65-4C94-9834-4B720DFEB751} = {5A37964D-9E5F-4BE4-9B13-95CAB7385CD1}
		{91F81211-F68D-4ECB-BF5C-ED003642A702} = {6B9DFAAC-A951-40FE-B824-3882BBC91F5C}
	EndGlobalSection
	GlobalSection(ExtensibilityGlobals) = postSolution
		SolutionGuid = {218098CA-01C6-4853-9012-C6D47BB23F26}
	EndGlobalSection
EndGlobal
